// !$*UTF8*$!
{
	archiveVersion = 1;
	classes = {
	};
	objectVersion = 55;
	objects = {

/* Begin PBXBuildFile section */
		550CCE6C2827C5B3007F9142 /* HoneymoonApp.swift in Sources */ = {isa = PBXBuildFile; fileRef = 550CCE6B2827C5B3007F9142 /* HoneymoonApp.swift */; };
		550CCE6E2827C5B3007F9142 /* ContentView.swift in Sources */ = {isa = PBXBuildFile; fileRef = 550CCE6D2827C5B3007F9142 /* ContentView.swift */; };
		550CCE702827C5B4007F9142 /* Assets.xcassets in Resources */ = {isa = PBXBuildFile; fileRef = 550CCE6F2827C5B4007F9142 /* Assets.xcassets */; };
		550CCE732827C5B4007F9142 /* Preview Assets.xcassets in Resources */ = {isa = PBXBuildFile; fileRef = 550CCE722827C5B4007F9142 /* Preview Assets.xcassets */; };
		550CCE7A2827E7EE007F9142 /* Sounds in Resources */ = {isa = PBXBuildFile; fileRef = 550CCE792827E7ED007F9142 /* Sounds */; };
		550CCE7C2827E963007F9142 /* LaunchScreen.storyboard in Resources */ = {isa = PBXBuildFile; fileRef = 550CCE7B2827E963007F9142 /* LaunchScreen.storyboard */; };
		550CCE7E2827EC7E007F9142 /* HoneymoonModel.swift in Sources */ = {isa = PBXBuildFile; fileRef = 550CCE7D2827EC7E007F9142 /* HoneymoonModel.swift */; };
		550CCE812827ED13007F9142 /* HoneymoonData.swift in Sources */ = {isa = PBXBuildFile; fileRef = 550CCE802827ED13007F9142 /* HoneymoonData.swift */; };
		550CCE852827EDF0007F9142 /* CardView.swift in Sources */ = {isa = PBXBuildFile; fileRef = 550CCE842827EDF0007F9142 /* CardView.swift */; };
		550CCE882827FEC2007F9142 /* HeaderView.swift in Sources */ = {isa = PBXBuildFile; fileRef = 550CCE872827FEC2007F9142 /* HeaderView.swift */; };
		550CCE8A28280438007F9142 /* FooterView.swift in Sources */ = {isa = PBXBuildFile; fileRef = 550CCE8928280438007F9142 /* FooterView.swift */; };
/* End PBXBuildFile section */

/* Begin PBXFileReference section */
		550CCE682827C5B3007F9142 /* Honeymoon.app */ = {isa = PBXFileReference; explicitFileType = wrapper.application; includeInIndex = 0; path = Honeymoon.app; sourceTree = BUILT_PRODUCTS_DIR; };
		550CCE6B2827C5B3007F9142 /* HoneymoonApp.swift */ = {isa = PBXFileReference; lastKnownFileType = sourcecode.swift; path = HoneymoonApp.swift; sourceTree = "<group>"; };
		550CCE6D2827C5B3007F9142 /* ContentView.swift */ = {isa = PBXFileReference; lastKnownFileType = sourcecode.swift; path = ContentView.swift; sourceTree = "<group>"; };
		550CCE6F2827C5B4007F9142 /* Assets.xcassets */ = {isa = PBXFileReference; lastKnownFileType = folder.assetcatalog; path = Assets.xcassets; sourceTree = "<group>"; };
		550CCE722827C5B4007F9142 /* Preview Assets.xcassets */ = {isa = PBXFileReference; lastKnownFileType = folder.assetcatalog; path = "Preview Assets.xcassets"; sourceTree = "<group>"; };
		550CCE792827E7ED007F9142 /* Sounds */ = {isa = PBXFileReference; lastKnownFileType = folder; path = Sounds; sourceTree = "<group>"; };
		550CCE7B2827E963007F9142 /* LaunchScreen.storyboard */ = {isa = PBXFileReference; lastKnownFileType = file.storyboard; path = LaunchScreen.storyboard; sourceTree = "<group>"; };
		550CCE7D2827EC7E007F9142 /* HoneymoonModel.swift */ = {isa = PBXFileReference; lastKnownFileType = sourcecode.swift; path = HoneymoonModel.swift; sourceTree = "<group>"; };
		550CCE802827ED13007F9142 /* HoneymoonData.swift */ = {isa = PBXFileReference; lastKnownFileType = sourcecode.swift; path = HoneymoonData.swift; sourceTree = "<group>"; };
		550CCE842827EDF0007F9142 /* CardView.swift */ = {isa = PBXFileReference; lastKnownFileType = sourcecode.swift; path = CardView.swift; sourceTree = "<group>"; };
		550CCE862827F26E007F9142 /* Info.plist */ = {isa = PBXFileReference; lastKnownFileType = text.plist; path = Info.plist; sourceTree = "<group>"; };
		550CCE872827FEC2007F9142 /* HeaderView.swift */ = {isa = PBXFileReference; lastKnownFileType = sourcecode.swift; path = HeaderView.swift; sourceTree = "<group>"; };
		550CCE8928280438007F9142 /* FooterView.swift */ = {isa = PBXFileReference; lastKnownFileType = sourcecode.swift; path = FooterView.swift; sourceTree = "<group>"; };
/* End PBXFileReference section */

/* Begin PBXFrameworksBuildPhase section */
		550CCE652827C5B3007F9142 /* Frameworks */ = {
			isa = PBXFrameworksBuildPhase;
			buildActionMask = 2147483647;
			files = (
			);
			runOnlyForDeploymentPostprocessing = 0;
		};
/* End PBXFrameworksBuildPhase section */

/* Begin PBXGroup section */
		550CCE5F2827C5B3007F9142 = {
			isa = PBXGroup;
			children = (
				550CCE6A2827C5B3007F9142 /* Honeymoon */,
				550CCE692827C5B3007F9142 /* Products */,
			);
			sourceTree = "<group>";
		};
		550CCE692827C5B3007F9142 /* Products */ = {
			isa = PBXGroup;
			children = (
				550CCE682827C5B3007F9142 /* Honeymoon.app */,
			);
			name = Products;
			sourceTree = "<group>";
		};
		550CCE6A2827C5B3007F9142 /* Honeymoon */ = {
			isa = PBXGroup;
			children = (
				550CCE862827F26E007F9142 /* Info.plist */,
				550CCE7F2827EC95007F9142 /* Model */,
				550CCE822827ED26007F9142 /* Data */,
				550CCE832827EDC1007F9142 /* View */,
				550CCE6B2827C5B3007F9142 /* HoneymoonApp.swift */,
				550CCE792827E7ED007F9142 /* Sounds */,
				550CCE6F2827C5B4007F9142 /* Assets.xcassets */,
				550CCE712827C5B4007F9142 /* Preview Content */,
				550CCE7B2827E963007F9142 /* LaunchScreen.storyboard */,
			);
			path = Honeymoon;
			sourceTree = "<group>";
		};
		550CCE712827C5B4007F9142 /* Preview Content */ = {
			isa = PBXGroup;
			children = (
				550CCE722827C5B4007F9142 /* Preview Assets.xcassets */,
			);
			path = "Preview Content";
			sourceTree = "<group>";
		};
		550CCE7F2827EC95007F9142 /* Model */ = {
			isa = PBXGroup;
			children = (
				550CCE7D2827EC7E007F9142 /* HoneymoonModel.swift */,
			);
			path = Model;
			sourceTree = "<group>";
		};
		550CCE822827ED26007F9142 /* Data */ = {
			isa = PBXGroup;
			children = (
				550CCE802827ED13007F9142 /* HoneymoonData.swift */,
			);
			path = Data;
			sourceTree = "<group>";
		};
		550CCE832827EDC1007F9142 /* View */ = {
			isa = PBXGroup;
			children = (
				550CCE6D2827C5B3007F9142 /* ContentView.swift */,
				550CCE8928280438007F9142 /* FooterView.swift */,
				550CCE872827FEC2007F9142 /* HeaderView.swift */,
				550CCE842827EDF0007F9142 /* CardView.swift */,
			);
			path = View;
			sourceTree = "<group>";
		};
/* End PBXGroup section */

/* Begin PBXNativeTarget section */
		550CCE672827C5B3007F9142 /* Honeymoon */ = {
			isa = PBXNativeTarget;
			buildConfigurationList = 550CCE762827C5B4007F9142 /* Build configuration list for PBXNativeTarget "Honeymoon" */;
			buildPhases = (
				550CCE642827C5B3007F9142 /* Sources */,
				550CCE652827C5B3007F9142 /* Frameworks */,
				550CCE662827C5B3007F9142 /* Resources */,
			);
			buildRules = (
			);
			dependencies = (
			);
			name = Honeymoon;
			productName = Honeymoon;
			productReference = 550CCE682827C5B3007F9142 /* Honeymoon.app */;
			productType = "com.apple.product-type.application";
		};
/* End PBXNativeTarget section */

/* Begin PBXProject section */
		550CCE602827C5B3007F9142 /* Project object */ = {
			isa = PBXProject;
			attributes = {
				BuildIndependentTargetsInParallel = 1;
				LastSwiftUpdateCheck = 1330;
				LastUpgradeCheck = 1330;
				TargetAttributes = {
					550CCE672827C5B3007F9142 = {
						CreatedOnToolsVersion = 13.3.1;
					};
				};
			};
			buildConfigurationList = 550CCE632827C5B3007F9142 /* Build configuration list for PBXProject "Honeymoon" */;
			compatibilityVersion = "Xcode 13.0";
			developmentRegion = en;
			hasScannedForEncodings = 0;
			knownRegions = (
				en,
				Base,
			);
			mainGroup = 550CCE5F2827C5B3007F9142;
			productRefGroup = 550CCE692827C5B3007F9142 /* Products */;
			projectDirPath = "";
			projectRoot = "";
			targets = (
				550CCE672827C5B3007F9142 /* Honeymoon */,
			);
		};
/* End PBXProject section */

/* Begin PBXResourcesBuildPhase section */
		550CCE662827C5B3007F9142 /* Resources */ = {
			isa = PBXResourcesBuildPhase;
			buildActionMask = 2147483647;
			files = (
				550CCE7A2827E7EE007F9142 /* Sounds in Resources */,
				550CCE7C2827E963007F9142 /* LaunchScreen.storyboard in Resources */,
				550CCE732827C5B4007F9142 /* Preview Assets.xcassets in Resources */,
				550CCE702827C5B4007F9142 /* Assets.xcassets in Resources */,
			);
			runOnlyForDeploymentPostprocessing = 0;
		};
/* End PBXResourcesBuildPhase section */

/* Begin PBXSourcesBuildPhase section */
		550CCE642827C5B3007F9142 /* Sources */ = {
			isa = PBXSourcesBuildPhase;
			buildActionMask = 2147483647;
			files = (
				550CCE812827ED13007F9142 /* HoneymoonData.swift in Sources */,
				550CCE8A28280438007F9142 /* FooterView.swift in Sources */,
				550CCE882827FEC2007F9142 /* HeaderView.swift in Sources */,
				550CCE7E2827EC7E007F9142 /* HoneymoonModel.swift in Sources */,
				550CCE6E2827C5B3007F9142 /* ContentView.swift in Sources */,
				550CCE6C2827C5B3007F9142 /* HoneymoonApp.swift in Sources */,
				550CCE852827EDF0007F9142 /* CardView.swift in Sources */,
			);
			runOnlyForDeploymentPostprocessing = 0;
		};
/* End PBXSourcesBuildPhase section */

/* Begin XCBuildConfiguration section */
		550CCE742827C5B4007F9142 /* Debug */ = {
			isa = XCBuildConfiguration;
			buildSettings = {
				ALWAYS_SEARCH_USER_PATHS = NO;
				CLANG_ANALYZER_NONNULL = YES;
				CLANG_ANALYZER_NUMBER_OBJECT_CONVERSION = YES_AGGRESSIVE;
				CLANG_CXX_LANGUAGE_STANDARD = "gnu++17";
				CLANG_ENABLE_MODULES = YES;
				CLANG_ENABLE_OBJC_ARC = YES;
				CLANG_ENABLE_OBJC_WEAK = YES;
				CLANG_WARN_BLOCK_CAPTURE_AUTORELEASING = YES;
				CLANG_WARN_BOOL_CONVERSION = YES;
				CLANG_WARN_COMMA = YES;
				CLANG_WARN_CONSTANT_CONVERSION = YES;
				CLANG_WARN_DEPRECATED_OBJC_IMPLEMENTATIONS = YES;
				CLANG_WARN_DIRECT_OBJC_ISA_USAGE = YES_ERROR;
				CLANG_WARN_DOCUMENTATION_COMMENTS = YES;
				CLANG_WARN_EMPTY_BODY = YES;
				CLANG_WARN_ENUM_CONVERSION = YES;
				CLANG_WARN_INFINITE_RECURSION = YES;
				CLANG_WARN_INT_CONVERSION = YES;
				CLANG_WARN_NON_LITERAL_NULL_CONVERSION = YES;
				CLANG_WARN_OBJC_IMPLICIT_RETAIN_SELF = YES;
				CLANG_WARN_OBJC_LITERAL_CONVERSION = YES;
				CLANG_WARN_OBJC_ROOT_CLASS = YES_ERROR;
				CLANG_WARN_QUOTED_INCLUDE_IN_FRAMEWORK_HEADER = YES;
				CLANG_WARN_RANGE_LOOP_ANALYSIS = YES;
				CLANG_WARN_STRICT_PROTOTYPES = YES;
				CLANG_WARN_SUSPICIOUS_MOVE = YES;
				CLANG_WARN_UNGUARDED_AVAILABILITY = YES_AGGRESSIVE;
				CLANG_WARN_UNREACHABLE_CODE = YES;
				CLANG_WARN__DUPLICATE_METHOD_MATCH = YES;
				COPY_PHASE_STRIP = NO;
				DEBUG_INFORMATION_FORMAT = dwarf;
				ENABLE_STRICT_OBJC_MSGSEND = YES;
				ENABLE_TESTABILITY = YES;
				GCC_C_LANGUAGE_STANDARD = gnu11;
				GCC_DYNAMIC_NO_PIC = NO;
				GCC_NO_COMMON_BLOCKS = YES;
				GCC_OPTIMIZATION_LEVEL = 0;
				GCC_PREPROCESSOR_DEFINITIONS = (
					"DEBUG=1",
					"$(inherited)",
				);
				GCC_WARN_64_TO_32_BIT_CONVERSION = YES;
				GCC_WARN_ABOUT_RETURN_TYPE = YES_ERROR;
				GCC_WARN_UNDECLARED_SELECTOR = YES;
				GCC_WARN_UNINITIALIZED_AUTOS = YES_AGGRESSIVE;
				GCC_WARN_UNUSED_FUNCTION = YES;
				GCC_WARN_UNUSED_VARIABLE = YES;
				IPHONEOS_DEPLOYMENT_TARGET = 15.4;
				MTL_ENABLE_DEBUG_INFO = INCLUDE_SOURCE;
				MTL_FAST_MATH = YES;
				ONLY_ACTIVE_ARCH = YES;
				SDKROOT = iphoneos;
				SWIFT_ACTIVE_COMPILATION_CONDITIONS = DEBUG;
				SWIFT_OPTIMIZATION_LEVEL = "-Onone";
			};
			name = Debug;
		};
		550CCE752827C5B4007F9142 /* Release */ = {
			isa = XCBuildConfiguration;
			buildSettings = {
				ALWAYS_SEARCH_USER_PATHS = NO;
				CLANG_ANALYZER_NONNULL = YES;
				CLANG_ANALYZER_NUMBER_OBJECT_CONVERSION = YES_AGGRESSIVE;
				CLANG_CXX_LANGUAGE_STANDARD = "gnu++17";
				CLANG_ENABLE_MODULES = YES;
				CLANG_ENABLE_OBJC_ARC = YES;
				CLANG_ENABLE_OBJC_WEAK = YES;
				CLANG_WARN_BLOCK_CAPTURE_AUTORELEASING = YES;
				CLANG_WARN_BOOL_CONVERSION = YES;
				CLANG_WARN_COMMA = YES;
				CLANG_WARN_CONSTANT_CONVERSION = YES;
				CLANG_WARN_DEPRECATED_OBJC_IMPLEMENTATIONS = YES;
				CLANG_WARN_DIRECT_OBJC_ISA_USAGE = YES_ERROR;
				CLANG_WARN_DOCUMENTATION_COMMENTS = YES;
				CLANG_WARN_EMPTY_BODY = YES;
				CLANG_WARN_ENUM_CONVERSION = YES;
				CLANG_WARN_INFINITE_RECURSION = YES;
				CLANG_WARN_INT_CONVERSION = YES;
				CLANG_WARN_NON_LITERAL_NULL_CONVERSION = YES;
				CLANG_WARN_OBJC_IMPLICIT_RETAIN_SELF = YES;
				CLANG_WARN_OBJC_LITERAL_CONVERSION = YES;
				CLANG_WARN_OBJC_ROOT_CLASS = YES_ERROR;
				CLANG_WARN_QUOTED_INCLUDE_IN_FRAMEWORK_HEADER = YES;
				CLANG_WARN_RANGE_LOOP_ANALYSIS = YES;
				CLANG_WARN_STRICT_PROTOTYPES = YES;
				CLANG_WARN_SUSPICIOUS_MOVE = YES;
				CLANG_WARN_UNGUARDED_AVAILABILITY = YES_AGGRESSIVE;
				CLANG_WARN_UNREACHABLE_CODE = YES;
				CLANG_WARN__DUPLICATE_METHOD_MATCH = YES;
				COPY_PHASE_STRIP = NO;
				DEBUG_INFORMATION_FORMAT = "dwarf-with-dsym";
				ENABLE_NS_ASSERTIONS = NO;
				ENABLE_STRICT_OBJC_MSGSEND = YES;
				GCC_C_LANGUAGE_STANDARD = gnu11;
				GCC_NO_COMMON_BLOCKS = YES;
				GCC_WARN_64_TO_32_BIT_CONVERSION = YES;
				GCC_WARN_ABOUT_RETURN_TYPE = YES_ERROR;
				GCC_WARN_UNDECLARED_SELECTOR = YES;
				GCC_WARN_UNINITIALIZED_AUTOS = YES_AGGRESSIVE;
				GCC_WARN_UNUSED_FUNCTION = YES;
				GCC_WARN_UNUSED_VARIABLE = YES;
				IPHONEOS_DEPLOYMENT_TARGET = 15.4;
				MTL_ENABLE_DEBUG_INFO = NO;
				MTL_FAST_MATH = YES;
				SDKROOT = iphoneos;
				SWIFT_COMPILATION_MODE = wholemodule;
				SWIFT_OPTIMIZATION_LEVEL = "-O";
				VALIDATE_PRODUCT = YES;
			};
			name = Release;
		};
		550CCE772827C5B4007F9142 /* Debug */ = {
			isa = XCBuildConfiguration;
			buildSettings = {
				ASSETCATALOG_COMPILER_APPICON_NAME = AppIcon;
				ASSETCATALOG_COMPILER_GLOBAL_ACCENT_COLOR_NAME = AccentColor;
				CODE_SIGN_STYLE = Automatic;
				CURRENT_PROJECT_VERSION = 1;
				DEVELOPMENT_ASSET_PATHS = "\"Honeymoon/Preview Content\"";
				DEVELOPMENT_TEAM = APWHD299J9;
				ENABLE_PREVIEWS = YES;
				GENERATE_INFOPLIST_FILE = YES;
				INFOPLIST_FILE = Honeymoon/Info.plist;
				INFOPLIST_KEY_UIApplicationSceneManifest_Generation = YES;
				INFOPLIST_KEY_UIApplicationSupportsIndirectInputEvents = YES;
				INFOPLIST_KEY_UILaunchScreen_Generation = YES;
				INFOPLIST_KEY_UILaunchStoryboardName = LaunchScreen;
				INFOPLIST_KEY_UISupportedInterfaceOrientations_iPad = "UIInterfaceOrientationPortrait UIInterfaceOrientationPortraitUpsideDown UIInterfaceOrientationLandscapeLeft UIInterfaceOrientationLandscapeRight";
				INFOPLIST_KEY_UISupportedInterfaceOrientations_iPhone = "UIInterfaceOrientationPortrait UIInterfaceOrientationLandscapeLeft UIInterfaceOrientationLandscapeRight";
				LD_RUNPATH_SEARCH_PATHS = (
					"$(inherited)",
					"@executable_path/Frameworks",
				);
				MARKETING_VERSION = 1.0;
				PRODUCT_BUNDLE_IDENTIFIER = com.andrej.dev.Honeymoon;
				PRODUCT_NAME = "$(TARGET_NAME)";
				SWIFT_EMIT_LOC_STRINGS = YES;
				SWIFT_VERSION = 5.0;
				TARGETED_DEVICE_FAMILY = "1,2";
			};
			name = Debug;
		};
		550CCE782827C5B4007F9142 /* Release */ = {
			isa = XCBuildConfiguration;
			buildSettings = {
				ASSETCATALOG_COMPILER_APPICON_NAME = AppIcon;
				ASSETCATALOG_COMPILER_GLOBAL_ACCENT_COLOR_NAME = AccentColor;
				CODE_SIGN_STYLE = Automatic;
				CURRENT_PROJECT_VERSION = 1;
				DEVELOPMENT_ASSET_PATHS = "\"Honeymoon/Preview Content\"";
				DEVELOPMENT_TEAM = APWHD299J9;
				ENABLE_PREVIEWS = YES;
				GENERATE_INFOPLIST_FILE = YES;
				INFOPLIST_FILE = Honeymoon/Info.plist;
				INFOPLIST_KEY_UIApplicationSceneManifest_Generation = YES;
				INFOPLIST_KEY_UIApplicationSupportsIndirectInputEvents = YES;
				INFOPLIST_KEY_UILaunchScreen_Generation = YES;
				INFOPLIST_KEY_UILaunchStoryboardName = LaunchScreen;
				INFOPLIST_KEY_UISupportedInterfaceOrientations_iPad = "UIInterfaceOrientationPortrait UIInterfaceOrientationPortraitUpsideDown UIInterfaceOrientationLandscapeLeft UIInterfaceOrientationLandscapeRight";
				INFOPLIST_KEY_UISupportedInterfaceOrientations_iPhone = "UIInterfaceOrientationPortrait UIInterfaceOrientationLandscapeLeft UIInterfaceOrientationLandscapeRight";
				LD_RUNPATH_SEARCH_PATHS = (
					"$(inherited)",
					"@executable_path/Frameworks",
				);
				MARKETING_VERSION = 1.0;
				PRODUCT_BUNDLE_IDENTIFIER = com.andrej.dev.Honeymoon;
				PRODUCT_NAME = "$(TARGET_NAME)";
				SWIFT_EMIT_LOC_STRINGS = YES;
				SWIFT_VERSION = 5.0;
				TARGETED_DEVICE_FAMILY = "1,2";
			};
			name = Release;
		};
/* End XCBuildConfiguration section */

/* Begin XCConfigurationList section */
		550CCE632827C5B3007F9142 /* Build configuration list for PBXProject "Honeymoon" */ = {
			isa = XCConfigurationList;
			buildConfigurations = (
				550CCE742827C5B4007F9142 /* Debug */,
				550CCE752827C5B4007F9142 /* Release */,
			);
			defaultConfigurationIsVisible = 0;
			defaultConfigurationName = Release;
		};
		550CCE762827C5B4007F9142 /* Build configuration list for PBXNativeTarget "Honeymoon" */ = {
			isa = XCConfigurationList;
			buildConfigurations = (
				550CCE772827C5B4007F9142 /* Debug */,
				550CCE782827C5B4007F9142 /* Release */,
			);
			defaultConfigurationIsVisible = 0;
			defaultConfigurationName = Release;
		};
/* End XCConfigurationList section */
	};
	rootObject = 550CCE602827C5B3007F9142 /* Project object */;
}
